
Microsoft Visual Studio Solution File, Format Version 12.00
# Visual Studio Version 17
VisualStudioVersion = 17.2.32526.322
MinimumVisualStudioVersion = 10.0.40219.1
Project("{FAE04EC0-301F-11D3-BF4B-00C04F79EFBC}") = "pasta pişirme sürec uygulaması timer ile proggressbar", "pasta pişirme sürec uygulaması timer ile proggressbar\pasta pişirme sürec uygulaması timer ile proggressbar.csproj", "{F2807A77-F8CC-4D8D-BE76-69DE3AC74026}"
EndProject
Global
	GlobalSection(SolutionConfigurationPlatforms) = preSolution
		Debug|Any CPU = Debug|Any CPU
		Release|Any CPU = Release|Any CPU
	EndGlobalSection
	GlobalSection(ProjectConfigurationPlatforms) = postSolution
		{F2807A77-F8CC-4D8D-BE76-69DE3AC74026}.Debug|Any CPU.ActiveCfg = Debug|Any CPU
		{F2807A77-F8CC-4D8D-BE76-69DE3AC74026}.Debug|Any CPU.Build.0 = Debug|Any CPU
		{F2807A77-F8CC-4D8D-BE76-69DE3AC74026}.Release|Any CPU.ActiveCfg = Release|Any CPU
		{F2807A77-F8CC-4D8D-BE76-69DE3AC74026}.Release|Any CPU.Build.0 = Release|Any CPU
	EndGlobalSection
	GlobalSection(SolutionProperties) = preSolution
		HideSolutionNode = FALSE
	EndGlobalSection
	GlobalSection(ExtensibilityGlobals) = postSolution
		SolutionGuid = {816E2DC7-7859-4499-996E-67182622A41D}
	EndGlobalSection
EndGlobal
